// !$*UTF8*$!
{
	archiveVersion = 1;
	classes = {
	};
	objectVersion = 46;
	objects = {

/* Begin PBXBuildFile section */
		0842A4651C67A867006CEB34 /* SudokuTextField.swift in Sources */ = {isa = PBXBuildFile; fileRef = 0842A4641C67A867006CEB34 /* SudokuTextField.swift */; };
		089328081C62902500F88740 /* SudokuModel.swift in Sources */ = {isa = PBXBuildFile; fileRef = 089328071C62902500F88740 /* SudokuModel.swift */; };
		08EC88811C6689CB00B84826 /* sudoku.db in Resources */ = {isa = PBXBuildFile; fileRef = 08EC88801C6689CB00B84826 /* sudoku.db */; };
		08F9B6D81C565D7A0078A9D9 /* AppDelegate.swift in Sources */ = {isa = PBXBuildFile; fileRef = 08F9B6D71C565D7A0078A9D9 /* AppDelegate.swift */; };
		08F9B6DA1C565D7A0078A9D9 /* ViewController.swift in Sources */ = {isa = PBXBuildFile; fileRef = 08F9B6D91C565D7A0078A9D9 /* ViewController.swift */; };
		08F9B6DD1C565D7A0078A9D9 /* Main.storyboard in Resources */ = {isa = PBXBuildFile; fileRef = 08F9B6DB1C565D7A0078A9D9 /* Main.storyboard */; };
		08F9B6DF1C565D7A0078A9D9 /* Assets.xcassets in Resources */ = {isa = PBXBuildFile; fileRef = 08F9B6DE1C565D7A0078A9D9 /* Assets.xcassets */; };
		08F9B6E21C565D7A0078A9D9 /* LaunchScreen.storyboard in Resources */ = {isa = PBXBuildFile; fileRef = 08F9B6E01C565D7A0078A9D9 /* LaunchScreen.storyboard */; };
		08F9B6ED1C565D7A0078A9D9 /* sudoku2Tests.swift in Sources */ = {isa = PBXBuildFile; fileRef = 08F9B6EC1C565D7A0078A9D9 /* sudoku2Tests.swift */; };
		08F9B6F81C565D7A0078A9D9 /* sudoku2UITests.swift in Sources */ = {isa = PBXBuildFile; fileRef = 08F9B6F71C565D7A0078A9D9 /* sudoku2UITests.swift */; };
		08F9B7061C565E7A0078A9D9 /* DataCell.swift in Sources */ = {isa = PBXBuildFile; fileRef = 08F9B7051C565E7A0078A9D9 /* DataCell.swift */; };
/* End PBXBuildFile section */

/* Begin PBXContainerItemProxy section */
		08F9B6E91C565D7A0078A9D9 /* PBXContainerItemProxy */ = {
			isa = PBXContainerItemProxy;
			containerPortal = 08F9B6CC1C565D7A0078A9D9 /* Project object */;
			proxyType = 1;
			remoteGlobalIDString = 08F9B6D31C565D7A0078A9D9;
			remoteInfo = sudoku2;
		};
		08F9B6F41C565D7A0078A9D9 /* PBXContainerItemProxy */ = {
			isa = PBXContainerItemProxy;
			containerPortal = 08F9B6CC1C565D7A0078A9D9 /* Project object */;
			proxyType = 1;
			remoteGlobalIDString = 08F9B6D31C565D7A0078A9D9;
			remoteInfo = sudoku2;
		};
/* End PBXContainerItemProxy section */

/* Begin PBXFileReference section */
		0842A4641C67A867006CEB34 /* SudokuTextField.swift */ = {isa = PBXFileReference; fileEncoding = 4; lastKnownFileType = sourcecode.swift; path = SudokuTextField.swift; sourceTree = "<group>"; };
		089328071C62902500F88740 /* SudokuModel.swift */ = {isa = PBXFileReference; fileEncoding = 4; lastKnownFileType = sourcecode.swift; path = SudokuModel.swift; sourceTree = "<group>"; };
		08EC88801C6689CB00B84826 /* sudoku.db */ = {isa = PBXFileReference; fileEncoding = 4; lastKnownFileType = text; name = sudoku.db; path = ../../sudoku.db; sourceTree = "<group>"; };
		08F9B6D41C565D7A0078A9D9 /* sudoku2.app */ = {isa = PBXFileReference; explicitFileType = wrapper.application; includeInIndex = 0; path = sudoku2.app; sourceTree = BUILT_PRODUCTS_DIR; };
		08F9B6D71C565D7A0078A9D9 /* AppDelegate.swift */ = {isa = PBXFileReference; lastKnownFileType = sourcecode.swift; path = AppDelegate.swift; sourceTree = "<group>"; };
		08F9B6D91C565D7A0078A9D9 /* ViewController.swift */ = {isa = PBXFileReference; lastKnownFileType = sourcecode.swift; path = ViewController.swift; sourceTree = "<group>"; };
		08F9B6DC1C565D7A0078A9D9 /* Base */ = {isa = PBXFileReference; lastKnownFileType = file.storyboard; name = Base; path = Base.lproj/Main.storyboard; sourceTree = "<group>"; };
		08F9B6DE1C565D7A0078A9D9 /* Assets.xcassets */ = {isa = PBXFileReference; lastKnownFileType = folder.assetcatalog; path = Assets.xcassets; sourceTree = "<group>"; };
		08F9B6E11C565D7A0078A9D9 /* Base */ = {isa = PBXFileReference; lastKnownFileType = file.storyboard; name = Base; path = Base.lproj/LaunchScreen.storyboard; sourceTree = "<group>"; };
		08F9B6E31C565D7A0078A9D9 /* Info.plist */ = {isa = PBXFileReference; lastKnownFileType = text.plist.xml; path = Info.plist; sourceTree = "<group>"; };
		08F9B6E81C565D7A0078A9D9 /* sudoku2Tests.xctest */ = {isa = PBXFileReference; explicitFileType = wrapper.cfbundle; includeInIndex = 0; path = sudoku2Tests.xctest; sourceTree = BUILT_PRODUCTS_DIR; };
		08F9B6EC1C565D7A0078A9D9 /* sudoku2Tests.swift */ = {isa = PBXFileReference; lastKnownFileType = sourcecode.swift; path = sudoku2Tests.swift; sourceTree = "<group>"; };
		08F9B6EE1C565D7A0078A9D9 /* Info.plist */ = {isa = PBXFileReference; lastKnownFileType = text.plist.xml; path = Info.plist; sourceTree = "<group>"; };
		08F9B6F31C565D7A0078A9D9 /* sudoku2UITests.xctest */ = {isa = PBXFileReference; explicitFileType = wrapper.cfbundle; includeInIndex = 0; path = sudoku2UITests.xctest; sourceTree = BUILT_PRODUCTS_DIR; };
		08F9B6F71C565D7A0078A9D9 /* sudoku2UITests.swift */ = {isa = PBXFileReference; lastKnownFileType = sourcecode.swift; path = sudoku2UITests.swift; sourceTree = "<group>"; };
		08F9B6F91C565D7A0078A9D9 /* Info.plist */ = {isa = PBXFileReference; lastKnownFileType = text.plist.xml; path = Info.plist; sourceTree = "<group>"; };
		08F9B7051C565E7A0078A9D9 /* DataCell.swift */ = {isa = PBXFileReference; fileEncoding = 4; lastKnownFileType = sourcecode.swift; path = DataCell.swift; sourceTree = "<group>"; };
/* End PBXFileReference section */

/* Begin PBXFrameworksBuildPhase section */
		08F9B6D11C565D7A0078A9D9 /* Frameworks */ = {
			isa = PBXFrameworksBuildPhase;
			buildActionMask = 2147483647;
			files = (
			);
			runOnlyForDeploymentPostprocessing = 0;
		};
		08F9B6E51C565D7A0078A9D9 /* Frameworks */ = {
			isa = PBXFrameworksBuildPhase;
			buildActionMask = 2147483647;
			files = (
			);
			runOnlyForDeploymentPostprocessing = 0;
		};
		08F9B6F01C565D7A0078A9D9 /* Frameworks */ = {
			isa = PBXFrameworksBuildPhase;
			buildActionMask = 2147483647;
			files = (
			);
			runOnlyForDeploymentPostprocessing = 0;
		};
/* End PBXFrameworksBuildPhase section */

/* Begin PBXGroup section */
		08F9B6CB1C565D7A0078A9D9 = {
			isa = PBXGroup;
			children = (
				08F9B6D61C565D7A0078A9D9 /* sudoku2 */,
				08F9B6EB1C565D7A0078A9D9 /* sudoku2Tests */,
				08F9B6F61C565D7A0078A9D9 /* sudoku2UITests */,
				08F9B6D51C565D7A0078A9D9 /* Products */,
			);
			sourceTree = "<group>";
		};
		08F9B6D51C565D7A0078A9D9 /* Products */ = {
			isa = PBXGroup;
			children = (
				08F9B6D41C565D7A0078A9D9 /* sudoku2.app */,
				08F9B6E81C565D7A0078A9D9 /* sudoku2Tests.xctest */,
				08F9B6F31C565D7A0078A9D9 /* sudoku2UITests.xctest */,
			);
			name = Products;
			sourceTree = "<group>";
		};
		08F9B6D61C565D7A0078A9D9 /* sudoku2 */ = {
			isa = PBXGroup;
			children = (
				08EC88801C6689CB00B84826 /* sudoku.db */,
				08F9B6D71C565D7A0078A9D9 /* AppDelegate.swift */,
				08F9B6D91C565D7A0078A9D9 /* ViewController.swift */,
				08F9B6DB1C565D7A0078A9D9 /* Main.storyboard */,
				0842A4641C67A867006CEB34 /* SudokuTextField.swift */,
				089328071C62902500F88740 /* SudokuModel.swift */,
				08F9B7051C565E7A0078A9D9 /* DataCell.swift */,
				08F9B6DE1C565D7A0078A9D9 /* Assets.xcassets */,
				08F9B6E01C565D7A0078A9D9 /* LaunchScreen.storyboard */,
				08F9B6E31C565D7A0078A9D9 /* Info.plist */,
			);
			path = sudoku2;
			sourceTree = "<group>";
		};
		08F9B6EB1C565D7A0078A9D9 /* sudoku2Tests */ = {
			isa = PBXGroup;
			children = (
				08F9B6EC1C565D7A0078A9D9 /* sudoku2Tests.swift */,
				08F9B6EE1C565D7A0078A9D9 /* Info.plist */,
			);
			path = sudoku2Tests;
			sourceTree = "<group>";
		};
		08F9B6F61C565D7A0078A9D9 /* sudoku2UITests */ = {
			isa = PBXGroup;
			children = (
				08F9B6F71C565D7A0078A9D9 /* sudoku2UITests.swift */,
				08F9B6F91C565D7A0078A9D9 /* Info.plist */,
			);
			path = sudoku2UITests;
			sourceTree = "<group>";
		};
/* End PBXGroup section */

/* Begin PBXNativeTarget section */
		08F9B6D31C565D7A0078A9D9 /* sudoku2 */ = {
			isa = PBXNativeTarget;
			buildConfigurationList = 08F9B6FC1C565D7A0078A9D9 /* Build configuration list for PBXNativeTarget "sudoku2" */;
			buildPhases = (
				08F9B6D01C565D7A0078A9D9 /* Sources */,
				08F9B6D11C565D7A0078A9D9 /* Frameworks */,
				08F9B6D21C565D7A0078A9D9 /* Resources */,
			);
			buildRules = (
			);
			dependencies = (
			);
			name = sudoku2;
			productName = sudoku2;
			productReference = 08F9B6D41C565D7A0078A9D9 /* sudoku2.app */;
			productType = "com.apple.product-type.application";
		};
		08F9B6E71C565D7A0078A9D9 /* sudoku2Tests */ = {
			isa = PBXNativeTarget;
			buildConfigurationList = 08F9B6FF1C565D7A0078A9D9 /* Build configuration list for PBXNativeTarget "sudoku2Tests" */;
			buildPhases = (
				08F9B6E41C565D7A0078A9D9 /* Sources */,
				08F9B6E51C565D7A0078A9D9 /* Frameworks */,
				08F9B6E61C565D7A0078A9D9 /* Resources */,
			);
			buildRules = (
			);
			dependencies = (
				08F9B6EA1C565D7A0078A9D9 /* PBXTargetDependency */,
			);
			name = sudoku2Tests;
			productName = sudoku2Tests;
			productReference = 08F9B6E81C565D7A0078A9D9 /* sudoku2Tests.xctest */;
			productType = "com.apple.product-type.bundle.unit-test";
		};
		08F9B6F21C565D7A0078A9D9 /* sudoku2UITests */ = {
			isa = PBXNativeTarget;
			buildConfigurationList = 08F9B7021C565D7A0078A9D9 /* Build configuration list for PBXNativeTarget "sudoku2UITests" */;
			buildPhases = (
				08F9B6EF1C565D7A0078A9D9 /* Sources */,
				08F9B6F01C565D7A0078A9D9 /* Frameworks */,
				08F9B6F11C565D7A0078A9D9 /* Resources */,
			);
			buildRules = (
			);
			dependencies = (
				08F9B6F51C565D7A0078A9D9 /* PBXTargetDependency */,
			);
			name = sudoku2UITests;
			productName = sudoku2UITests;
			productReference = 08F9B6F31C565D7A0078A9D9 /* sudoku2UITests.xctest */;
			productType = "com.apple.product-type.bundle.ui-testing";
		};
/* End PBXNativeTarget section */

/* Begin PBXProject section */
		08F9B6CC1C565D7A0078A9D9 /* Project object */ = {
			isa = PBXProject;
			attributes = {
				LastSwiftUpdateCheck = 0720;
				LastUpgradeCheck = 0720;
				ORGANIZATIONNAME = "Richard Sage";
				TargetAttributes = {
					08F9B6D31C565D7A0078A9D9 = {
						CreatedOnToolsVersion = 7.2;
					};
					08F9B6E71C565D7A0078A9D9 = {
						CreatedOnToolsVersion = 7.2;
						TestTargetID = 08F9B6D31C565D7A0078A9D9;
					};
					08F9B6F21C565D7A0078A9D9 = {
						CreatedOnToolsVersion = 7.2;
						TestTargetID = 08F9B6D31C565D7A0078A9D9;
					};
				};
			};
			buildConfigurationList = 08F9B6CF1C565D7A0078A9D9 /* Build configuration list for PBXProject "sudoku2" */;
			compatibilityVersion = "Xcode 3.2";
			developmentRegion = English;
			hasScannedForEncodings = 0;
			knownRegions = (
				en,
				Base,
			);
			mainGroup = 08F9B6CB1C565D7A0078A9D9;
			productRefGroup = 08F9B6D51C565D7A0078A9D9 /* Products */;
			projectDirPath = "";
			projectRoot = "";
			targets = (
				08F9B6D31C565D7A0078A9D9 /* sudoku2 */,
				08F9B6E71C565D7A0078A9D9 /* sudoku2Tests */,
				08F9B6F21C565D7A0078A9D9 /* sudoku2UITests */,
			);
		};
/* End PBXProject section */

/* Begin PBXResourcesBuildPhase section */
		08F9B6D21C565D7A0078A9D9 /* Resources */ = {
			isa = PBXResourcesBuildPhase;
			buildActionMask = 2147483647;
			files = (
				08F9B6E21C565D7A0078A9D9 /* LaunchScreen.storyboard in Resources */,
				08EC88811C6689CB00B84826 /* sudoku.db in Resources */,
				08F9B6DF1C565D7A0078A9D9 /* Assets.xcassets in Resources */,
				08F9B6DD1C565D7A0078A9D9 /* Main.storyboard in Resources */,
			);
			runOnlyForDeploymentPostprocessing = 0;
		};
		08F9B6E61C565D7A0078A9D9 /* Resources */ = {
			isa = PBXResourcesBuildPhase;
			buildActionMask = 2147483647;
			files = (
			);
			runOnlyForDeploymentPostprocessing = 0;
		};
		08F9B6F11C565D7A0078A9D9 /* Resources */ = {
			isa = PBXResourcesBuildPhase;
			buildActionMask = 2147483647;
			files = (
			);
			runOnlyForDeploymentPostprocessing = 0;
		};
/* End PBXResourcesBuildPhase section */

/* Begin PBXSourcesBuildPhase section */
		08F9B6D01C565D7A0078A9D9 /* Sources */ = {
			isa = PBXSourcesBuildPhase;
			buildActionMask = 2147483647;
			files = (
				0842A4651C67A867006CEB34 /* SudokuTextField.swift in Sources */,
				089328081C62902500F88740 /* SudokuModel.swift in Sources */,
				08F9B6DA1C565D7A0078A9D9 /* ViewController.swift in Sources */,
				08F9B7061C565E7A0078A9D9 /* DataCell.swift in Sources */,
				08F9B6D81C565D7A0078A9D9 /* AppDelegate.swift in Sources */,
			);
			runOnlyForDeploymentPostprocessing = 0;
		};
		08F9B6E41C565D7A0078A9D9 /* Sources */ = {
			isa = PBXSourcesBuildPhase;
			buildActionMask = 2147483647;
			files = (
				08F9B6ED1C565D7A0078A9D9 /* sudoku2Tests.swift in Sources */,
			);
			runOnlyForDeploymentPostprocessing = 0;
		};
		08F9B6EF1C565D7A0078A9D9 /* Sources */ = {
			isa = PBXSourcesBuildPhase;
			buildActionMask = 2147483647;
			files = (
				08F9B6F81C565D7A0078A9D9 /* sudoku2UITests.swift in Sources */,
			);
			runOnlyForDeploymentPostprocessing = 0;
		};
/* End PBXSourcesBuildPhase section */

/* Begin PBXTargetDependency section */
		08F9B6EA1C565D7A0078A9D9 /* PBXTargetDependency */ = {
			isa = PBXTargetDependency;
			target = 08F9B6D31C565D7A0078A9D9 /* sudoku2 */;
			targetProxy = 08F9B6E91C565D7A0078A9D9 /* PBXContainerItemProxy */;
		};
		08F9B6F51C565D7A0078A9D9 /* PBXTargetDependency */ = {
			isa = PBXTargetDependency;
			target = 08F9B6D31C565D7A0078A9D9 /* sudoku2 */;
			targetProxy = 08F9B6F41C565D7A0078A9D9 /* PBXContainerItemProxy */;
		};
/* End PBXTargetDependency section */

/* Begin PBXVariantGroup section */
		08F9B6DB1C565D7A0078A9D9 /* Main.storyboard */ = {
			isa = PBXVariantGroup;
			children = (
				08F9B6DC1C565D7A0078A9D9 /* Base */,
			);
			name = Main.storyboard;
			sourceTree = "<group>";
		};
		08F9B6E01C565D7A0078A9D9 /* LaunchScreen.storyboard */ = {
			isa = PBXVariantGroup;
			children = (
				08F9B6E11C565D7A0078A9D9 /* Base */,
			);
			name = LaunchScreen.storyboard;
			sourceTree = "<group>";
		};
/* End PBXVariantGroup section */

/* Begin XCBuildConfiguration section */
		08F9B6FA1C565D7A0078A9D9 /* Debug */ = {
			isa = XCBuildConfiguration;
			buildSettings = {
				ALWAYS_SEARCH_USER_PATHS = NO;
				CLANG_CXX_LANGUAGE_STANDARD = "gnu++0x";
				CLANG_CXX_LIBRARY = "libc++";
				CLANG_ENABLE_MODULES = YES;
				CLANG_ENABLE_OBJC_ARC = YES;
				CLANG_WARN_BOOL_CONVERSION = YES;
				CLANG_WARN_CONSTANT_CONVERSION = YES;
				CLANG_WARN_DIRECT_OBJC_ISA_USAGE = YES_ERROR;
				CLANG_WARN_EMPTY_BODY = YES;
				CLANG_WARN_ENUM_CONVERSION = YES;
				CLANG_WARN_INT_CONVERSION = YES;
				CLANG_WARN_OBJC_ROOT_CLASS = YES_ERROR;
				CLANG_WARN_UNREACHABLE_CODE = YES;
				CLANG_WARN__DUPLICATE_METHOD_MATCH = YES;
				"CODE_SIGN_IDENTITY[sdk=iphoneos*]" = "iPhone Developer";
				COPY_PHASE_STRIP = NO;
				DEBUG_INFORMATION_FORMAT = dwarf;
				ENABLE_STRICT_OBJC_MSGSEND = YES;
				ENABLE_TESTABILITY = YES;
				GCC_C_LANGUAGE_STANDARD = gnu99;
				GCC_DYNAMIC_NO_PIC = NO;
				GCC_NO_COMMON_BLOCKS = YES;
				GCC_OPTIMIZATION_LEVEL = 0;
				GCC_PREPROCESSOR_DEFINITIONS = (
					"DEBUG=1",
					"$(inherited)",
				);
				GCC_WARN_64_TO_32_BIT_CONVERSION = YES;
				GCC_WARN_ABOUT_RETURN_TYPE = YES_ERROR;
				GCC_WARN_UNDECLARED_SELECTOR = YES;
				GCC_WARN_UNINITIALIZED_AUTOS = YES_AGGRESSIVE;
				GCC_WARN_UNUSED_FUNCTION = YES;
				GCC_WARN_UNUSED_VARIABLE = YES;
				IPHONEOS_DEPLOYMENT_TARGET = 9.2;
				MTL_ENABLE_DEBUG_INFO = YES;
				ONLY_ACTIVE_ARCH = YES;
				SDKROOT = iphoneos;
				SWIFT_OPTIMIZATION_LEVEL = "-Onone";
				TARGETED_DEVICE_FAMILY = "1,2";
			};
			name = Debug;
		};
		08F9B6FB1C565D7A0078A9D9 /* Release */ = {
			isa = XCBuildConfiguration;
			buildSettings = {
				ALWAYS_SEARCH_USER_PATHS = NO;
				CLANG_CXX_LANGUAGE_STANDARD = "gnu++0x";
				CLANG_CXX_LIBRARY = "libc++";
				CLANG_ENABLE_MODULES = YES;
				CLANG_ENABLE_OBJC_ARC = YES;
				CLANG_WARN_BOOL_CONVERSION = YES;
				CLANG_WARN_CONSTANT_CONVERSION = YES;
				CLANG_WARN_DIRECT_OBJC_ISA_USAGE = YES_ERROR;
				CLANG_WARN_EMPTY_BODY = YES;
				CLANG_WARN_ENUM_CONVERSION = YES;
				CLANG_WARN_INT_CONVERSION = YES;
				CLANG_WARN_OBJC_ROOT_CLASS = YES_ERROR;
				CLANG_WARN_UNREACHABLE_CODE = YES;
				CLANG_WARN__DUPLICATE_METHOD_MATCH = YES;
				"CODE_SIGN_IDENTITY[sdk=iphoneos*]" = "iPhone Developer";
				COPY_PHASE_STRIP = NO;
				DEBUG_INFORMATION_FORMAT = "dwarf-with-dsym";
				ENABLE_NS_ASSERTIONS = NO;
				ENABLE_STRICT_OBJC_MSGSEND = YES;
				GCC_C_LANGUAGE_STANDARD = gnu99;
				GCC_NO_COMMON_BLOCKS = YES;
				GCC_WARN_64_TO_32_BIT_CONVERSION = YES;
				GCC_WARN_ABOUT_RETURN_TYPE = YES_ERROR;
				GCC_WARN_UNDECLARED_SELECTOR = YES;
				GCC_WARN_UNINITIALIZED_AUTOS = YES_AGGRESSIVE;
				GCC_WARN_UNUSED_FUNCTION = YES;
				GCC_WARN_UNUSED_VARIABLE = YES;
				IPHONEOS_DEPLOYMENT_TARGET = 9.2;
				MTL_ENABLE_DEBUG_INFO = NO;
				SDKROOT = iphoneos;
				TARGETED_DEVICE_FAMILY = "1,2";
				VALIDATE_PRODUCT = YES;
			};
			name = Release;
		};
		08F9B6FD1C565D7A0078A9D9 /* Debug */ = {
			isa = XCBuildConfiguration;
			buildSettings = {
				ASSETCATALOG_COMPILER_APPICON_NAME = AppIcon;
				INFOPLIST_FILE = sudoku2/Info.plist;
				LD_RUNPATH_SEARCH_PATHS = "$(inherited) @executable_path/Frameworks";
				PRODUCT_BUNDLE_IDENTIFIER = stuffnthings.sudoku2;
				PRODUCT_NAME = "$(TARGET_NAME)";
			};
			name = Debug;
		};
		08F9B6FE1C565D7A0078A9D9 /* Release */ = {
			isa = XCBuildConfiguration;
			buildSettings = {
				ASSETCATALOG_COMPILER_APPICON_NAME = AppIcon;
				INFOPLIST_FILE = sudoku2/Info.plist;
				LD_RUNPATH_SEARCH_PATHS = "$(inherited) @executable_path/Frameworks";
				PRODUCT_BUNDLE_IDENTIFIER = stuffnthings.sudoku2;
				PRODUCT_NAME = "$(TARGET_NAME)";
			};
			name = Release;
		};
		08F9B7001C565D7A0078A9D9 /* Debug */ = {
			isa = XCBuildConfiguration;
			buildSettings = {
				BUNDLE_LOADER = "$(TEST_HOST)";
				INFOPLIST_FILE = sudoku2Tests/Info.plist;
				LD_RUNPATH_SEARCH_PATHS = "$(inherited) @executable_path/Frameworks @loader_path/Frameworks";
				PRODUCT_BUNDLE_IDENTIFIER = stuffnthings.sudoku2Tests;
				PRODUCT_NAME = "$(TARGET_NAME)";
				TEST_HOST = "$(BUILT_PRODUCTS_DIR)/sudoku2.app/sudoku2";
			};
			name = Debug;
		};
		08F9B7011C565D7A0078A9D9 /* Release */ = {
			isa = XCBuildConfiguration;
			buildSettings = {
				BUNDLE_LOADER = "$(TEST_HOST)";
				INFOPLIST_FILE = sudoku2Tests/Info.plist;
				LD_RUNPATH_SEARCH_PATHS = "$(inherited) @executable_path/Frameworks @loader_path/Frameworks";
				PRODUCT_BUNDLE_IDENTIFIER = stuffnthings.sudoku2Tests;
				PRODUCT_NAME = "$(TARGET_NAME)";
				TEST_HOST = "$(BUILT_PRODUCTS_DIR)/sudoku2.app/sudoku2";
			};
			name = Release;
		};
		08F9B7031C565D7A0078A9D9 /* Debug */ = {
			isa = XCBuildConfiguration;
			buildSettings = {
				INFOPLIST_FILE = sudoku2UITests/Info.plist;
				LD_RUNPATH_SEARCH_PATHS = "$(inherited) @executable_path/Frameworks @loader_path/Frameworks";
				PRODUCT_BUNDLE_IDENTIFIER = stuffnthings.sudoku2UITests;
				PRODUCT_NAME = "$(TARGET_NAME)";
				TEST_TARGET_NAME = sudoku2;
				USES_XCTRUNNER = YES;
			};
			name = Debug;
		};
		08F9B7041C565D7A0078A9D9 /* Release */ = {
			isa = XCBuildConfiguration;
			buildSettings = {
				INFOPLIST_FILE = sudoku2UITests/Info.plist;
				LD_RUNPATH_SEARCH_PATHS = "$(inherited) @executable_path/Frameworks @loader_path/Frameworks";
				PRODUCT_BUNDLE_IDENTIFIER = stuffnthings.sudoku2UITests;
				PRODUCT_NAME = "$(TARGET_NAME)";
				TEST_TARGET_NAME = sudoku2;
				USES_XCTRUNNER = YES;
			};
			name = Release;
		};
/* End XCBuildConfiguration section */

/* Begin XCConfigurationList section */
		08F9B6CF1C565D7A0078A9D9 /* Build configuration list for PBXProject "sudoku2" */ = {
			isa = XCConfigurationList;
			buildConfigurations = (
				08F9B6FA1C565D7A0078A9D9 /* Debug */,
				08F9B6FB1C565D7A0078A9D9 /* Release */,
			);
			defaultConfigurationIsVisible = 0;
			defaultConfigurationName = Release;
		};
		08F9B6FC1C565D7A0078A9D9 /* Build configuration list for PBXNativeTarget "sudoku2" */ = {
			isa = XCConfigurationList;
			buildConfigurations = (
				08F9B6FD1C565D7A0078A9D9 /* Debug */,
				08F9B6FE1C565D7A0078A9D9 /* Release */,
			);
			defaultConfigurationIsVisible = 0;
			defaultConfigurationName = Release;
		};
		08F9B6FF1C565D7A0078A9D9 /* Build configuration list for PBXNativeTarget "sudoku2Tests" */ = {
			isa = XCConfigurationList;
			buildConfigurations = (
				08F9B7001C565D7A0078A9D9 /* Debug */,
				08F9B7011C565D7A0078A9D9 /* Release */,
			);
			defaultConfigurationIsVisible = 0;
			defaultConfigurationName = Release;
		};
		08F9B7021C565D7A0078A9D9 /* Build configuration list for PBXNativeTarget "sudoku2UITests" */ = {
			isa = XCConfigurationList;
			buildConfigurations = (
				08F9B7031C565D7A0078A9D9 /* Debug */,
				08F9B7041C565D7A0078A9D9 /* Release */,
			);
			defaultConfigurationIsVisible = 0;
			defaultConfigurationName = Release;
		};
/* End XCConfigurationList section */
	};
	rootObject = 08F9B6CC1C565D7A0078A9D9 /* Project object */;
}
